
Microsoft Visual Studio Solution File, Format Version 12.00
# Visual Studio Version 17
VisualStudioVersion = 17.3.32611.2
MinimumVisualStudioVersion = 10.0.40219.1
Project("{FAE04EC0-301F-11D3-BF4B-00C04F79EFBC}") = "CoreVSApp", "CoreVSApp\CoreVSApp.csproj", "{2385C97C-DAF2-402C-BA19-2A28DA51B1E4}"
EndProject
Global
	GlobalSection(SolutionConfigurationPlatforms) = preSolution
		Debug|Any CPU = Debug|Any CPU
		Release|Any CPU = Release|Any CPU
	EndGlobalSection
	GlobalSection(ProjectConfigurationPlatforms) = postSolution
		{2385C97C-DAF2-402C-BA19-2A28DA51B1E4}.Debug|Any CPU.ActiveCfg = Debug|Any CPU
		{2385C97C-DAF2-402C-BA19-2A28DA51B1E4}.Debug|Any CPU.Build.0 = Debug|Any CPU
		{2385C97C-DAF2-402C-BA19-2A28DA51B1E4}.Release|Any CPU.ActiveCfg = Release|Any CPU
		{2385C97C-DAF2-402C-BA19-2A28DA51B1E4}.Release|Any CPU.Build.0 = Release|Any CPU
	EndGlobalSection
	GlobalSection(SolutionProperties) = preSolution
		HideSolutionNode = FALSE
	EndGlobalSection
	GlobalSection(ExtensibilityGlobals) = postSolution
		SolutionGuid = {F5805A96-A9A8-4575-932D-8E0BCB4104DA}
	EndGlobalSection
EndGlobal
